{
  "name": "SI4-ORC",
  "lockfileVersion": 3,
  "requires": true,
  "packages": {
    "": {
      "dependencies": {
        "leaflet": "^1.9.4",
        "leaflet.locatecontrol": "^0.81.1"
      }
    },
    "node_modules/leaflet": {
      "version": "1.9.4",
      "resolved": "https://registry.npmjs.org/leaflet/-/leaflet-1.9.4.tgz",
      "integrity": "sha512-nxS1ynzJOmOlHp+iL3FyWqK89GtNL8U8rvlMOsQdTTssxZwCXh8N2NB3GDQOL+YR3XnWyZAxwQixURb+FA74PA=="
    },
    "node_modules/leaflet.locatecontrol": {
      "version": "0.81.1",
      "resolved": "https://registry.npmjs.org/leaflet.locatecontrol/-/leaflet.locatecontrol-0.81.1.tgz",
      "integrity": "sha512-ZtsdScGufPw330X3UIaGGjnfQ1NrhLySnlruWufIMnfzsHgQPz0+mSxsCQMVh7QgOBoefCGb/lioSejiaNx1EQ=="
    }
  }
}
